
Microsoft Visual Studio Solution File, Format Version 12.00
# Visual Studio Version 17
VisualStudioVersion = 17.2.32630.192
MinimumVisualStudioVersion = 10.0.40219.1
Project("{FAE04EC0-301F-11D3-BF4B-00C04F79EFBC}") = "EmployeeRecordBook", "EmployeeRecordBook\EmployeeRecordBook.csproj", "{7EC5A613-475F-41E3-983E-921D9942C433}"
EndProject
Project("{FAE04EC0-301F-11D3-BF4B-00C04F79EFBC}") = "EmployeeRecordBook.Core", "EmployeeRecordBook.Core\EmployeeRecordBook.Core.csproj", "{7BBED840-C8A0-4820-855B-2BDCA01A7756}"
EndProject
Project("{FAE04EC0-301F-11D3-BF4B-00C04F79EFBC}") = "EmployeeRecordBook.Infrastructure", "EmployeeRecordBook.Infrastructure\EmployeeRecordBook.Infrastructure.csproj", "{EF475978-EC74-43E2-89EB-D80BAD1841C0}"
EndProject
Global
	GlobalSection(SolutionConfigurationPlatforms) = preSolution
		Debug|Any CPU = Debug|Any CPU
		Release|Any CPU = Release|Any CPU
	EndGlobalSection
	GlobalSection(ProjectConfigurationPlatforms) = postSolution
		{7EC5A613-475F-41E3-983E-921D9942C433}.Debug|Any CPU.ActiveCfg = Debug|Any CPU
		{7EC5A613-475F-41E3-983E-921D9942C433}.Debug|Any CPU.Build.0 = Debug|Any CPU
		{7EC5A613-475F-41E3-983E-921D9942C433}.Release|Any CPU.ActiveCfg = Release|Any CPU
		{7EC5A613-475F-41E3-983E-921D9942C433}.Release|Any CPU.Build.0 = Release|Any CPU
		{7BBED840-C8A0-4820-855B-2BDCA01A7756}.Debug|Any CPU.ActiveCfg = Debug|Any CPU
		{7BBED840-C8A0-4820-855B-2BDCA01A7756}.Debug|Any CPU.Build.0 = Debug|Any CPU
		{7BBED840-C8A0-4820-855B-2BDCA01A7756}.Release|Any CPU.ActiveCfg = Release|Any CPU
		{7BBED840-C8A0-4820-855B-2BDCA01A7756}.Release|Any CPU.Build.0 = Release|Any CPU
		{EF475978-EC74-43E2-89EB-D80BAD1841C0}.Debug|Any CPU.ActiveCfg = Debug|Any CPU
		{EF475978-EC74-43E2-89EB-D80BAD1841C0}.Debug|Any CPU.Build.0 = Debug|Any CPU
		{EF475978-EC74-43E2-89EB-D80BAD1841C0}.Release|Any CPU.ActiveCfg = Release|Any CPU
		{EF475978-EC74-43E2-89EB-D80BAD1841C0}.Release|Any CPU.Build.0 = Release|Any CPU
	EndGlobalSection
	GlobalSection(SolutionProperties) = preSolution
		HideSolutionNode = FALSE
	EndGlobalSection
	GlobalSection(ExtensibilityGlobals) = postSolution
		SolutionGuid = {EA2812B8-09BB-409E-B717-797F1BCBD397}
	EndGlobalSection
EndGlobal
