
Microsoft Visual Studio Solution File, Format Version 12.00
# Visual Studio Version 17
VisualStudioVersion = 17.2.32516.85
MinimumVisualStudioVersion = 10.0.40219.1
Project("{FAE04EC0-301F-11D3-BF4B-00C04F79EFBC}") = "PrimeNumberorNot", "PrimeNumberorNot\PrimeNumberorNot.csproj", "{73D0D313-0A13-4D6B-8621-ACD6E08C69B2}"
EndProject
Project("{FAE04EC0-301F-11D3-BF4B-00C04F79EFBC}") = "PrimeNumber", "PrimeNumber\PrimeNumber.csproj", "{7A315763-7125-4825-9C1F-EFA057556D0D}"
EndProject
Global
	GlobalSection(SolutionConfigurationPlatforms) = preSolution
		Debug|Any CPU = Debug|Any CPU
		Release|Any CPU = Release|Any CPU
	EndGlobalSection
	GlobalSection(ProjectConfigurationPlatforms) = postSolution
		{73D0D313-0A13-4D6B-8621-ACD6E08C69B2}.Debug|Any CPU.ActiveCfg = Debug|Any CPU
		{73D0D313-0A13-4D6B-8621-ACD6E08C69B2}.Debug|Any CPU.Build.0 = Debug|Any CPU
		{73D0D313-0A13-4D6B-8621-ACD6E08C69B2}.Release|Any CPU.ActiveCfg = Release|Any CPU
		{73D0D313-0A13-4D6B-8621-ACD6E08C69B2}.Release|Any CPU.Build.0 = Release|Any CPU
		{7A315763-7125-4825-9C1F-EFA057556D0D}.Debug|Any CPU.ActiveCfg = Debug|Any CPU
		{7A315763-7125-4825-9C1F-EFA057556D0D}.Debug|Any CPU.Build.0 = Debug|Any CPU
		{7A315763-7125-4825-9C1F-EFA057556D0D}.Release|Any CPU.ActiveCfg = Release|Any CPU
		{7A315763-7125-4825-9C1F-EFA057556D0D}.Release|Any CPU.Build.0 = Release|Any CPU
	EndGlobalSection
	GlobalSection(SolutionProperties) = preSolution
		HideSolutionNode = FALSE
	EndGlobalSection
	GlobalSection(ExtensibilityGlobals) = postSolution
		SolutionGuid = {7B02737E-5B06-40B5-A537-DFA5DB2CED65}
	EndGlobalSection
EndGlobal
