
Microsoft Visual Studio Solution File, Format Version 12.00
# Visual Studio Version 17
VisualStudioVersion = 17.3.32804.467
MinimumVisualStudioVersion = 10.0.40219.1
Project("{FAE04EC0-301F-11D3-BF4B-00C04F79EFBC}") = "EmployeePlayGround", "EmployeePlayGround\EmployeePlayGround.csproj", "{07EC9EBD-86B9-4C3A-A274-24E66B8B1F3B}"
EndProject
Project("{FAE04EC0-301F-11D3-BF4B-00C04F79EFBC}") = "EmployeePlayGround.Core", "EmployeePlayGround.Core\EmployeePlayGround.Core.csproj", "{3BA0C06B-06DC-444A-AABF-AAB69C669F37}"
EndProject
Project("{FAE04EC0-301F-11D3-BF4B-00C04F79EFBC}") = "EmployeePlayGround.Infrastructure", "EmployeePlayGround.Infrastructure\EmployeePlayGround.Infrastructure.csproj", "{95C7CB1F-898E-4842-AE4C-004FC8AAD816}"
EndProject
Global
	GlobalSection(SolutionConfigurationPlatforms) = preSolution
		Debug|Any CPU = Debug|Any CPU
		Release|Any CPU = Release|Any CPU
	EndGlobalSection
	GlobalSection(ProjectConfigurationPlatforms) = postSolution
		{07EC9EBD-86B9-4C3A-A274-24E66B8B1F3B}.Debug|Any CPU.ActiveCfg = Debug|Any CPU
		{07EC9EBD-86B9-4C3A-A274-24E66B8B1F3B}.Debug|Any CPU.Build.0 = Debug|Any CPU
		{07EC9EBD-86B9-4C3A-A274-24E66B8B1F3B}.Release|Any CPU.ActiveCfg = Release|Any CPU
		{07EC9EBD-86B9-4C3A-A274-24E66B8B1F3B}.Release|Any CPU.Build.0 = Release|Any CPU
		{3BA0C06B-06DC-444A-AABF-AAB69C669F37}.Debug|Any CPU.ActiveCfg = Debug|Any CPU
		{3BA0C06B-06DC-444A-AABF-AAB69C669F37}.Debug|Any CPU.Build.0 = Debug|Any CPU
		{3BA0C06B-06DC-444A-AABF-AAB69C669F37}.Release|Any CPU.ActiveCfg = Release|Any CPU
		{3BA0C06B-06DC-444A-AABF-AAB69C669F37}.Release|Any CPU.Build.0 = Release|Any CPU
		{95C7CB1F-898E-4842-AE4C-004FC8AAD816}.Debug|Any CPU.ActiveCfg = Debug|Any CPU
		{95C7CB1F-898E-4842-AE4C-004FC8AAD816}.Debug|Any CPU.Build.0 = Debug|Any CPU
		{95C7CB1F-898E-4842-AE4C-004FC8AAD816}.Release|Any CPU.ActiveCfg = Release|Any CPU
		{95C7CB1F-898E-4842-AE4C-004FC8AAD816}.Release|Any CPU.Build.0 = Release|Any CPU
	EndGlobalSection
	GlobalSection(SolutionProperties) = preSolution
		HideSolutionNode = FALSE
	EndGlobalSection
	GlobalSection(ExtensibilityGlobals) = postSolution
		SolutionGuid = {CE57A268-AA7E-4CA0-B80F-5F3F02EF18AD}
	EndGlobalSection
EndGlobal
