
Microsoft Visual Studio Solution File, Format Version 12.00
# Visual Studio Version 17
VisualStudioVersion = 17.2.32516.85
MinimumVisualStudioVersion = 10.0.40219.1
Project("{FAE04EC0-301F-11D3-BF4B-00C04F79EFBC}") = "PrintArrayElements", "PrintArrayElements\PrintArrayElements.csproj", "{34788D03-7596-4FEA-9BC9-554F9A934078}"
EndProject
Project("{FAE04EC0-301F-11D3-BF4B-00C04F79EFBC}") = "ReadArrayElements", "ReadArrayElements\ReadArrayElements.csproj", "{6F5F08B6-4C93-4DED-8445-1024400E8D2B}"
EndProject
Global
	GlobalSection(SolutionConfigurationPlatforms) = preSolution
		Debug|Any CPU = Debug|Any CPU
		Release|Any CPU = Release|Any CPU
	EndGlobalSection
	GlobalSection(ProjectConfigurationPlatforms) = postSolution
		{34788D03-7596-4FEA-9BC9-554F9A934078}.Debug|Any CPU.ActiveCfg = Debug|Any CPU
		{34788D03-7596-4FEA-9BC9-554F9A934078}.Debug|Any CPU.Build.0 = Debug|Any CPU
		{34788D03-7596-4FEA-9BC9-554F9A934078}.Release|Any CPU.ActiveCfg = Release|Any CPU
		{34788D03-7596-4FEA-9BC9-554F9A934078}.Release|Any CPU.Build.0 = Release|Any CPU
		{6F5F08B6-4C93-4DED-8445-1024400E8D2B}.Debug|Any CPU.ActiveCfg = Debug|Any CPU
		{6F5F08B6-4C93-4DED-8445-1024400E8D2B}.Debug|Any CPU.Build.0 = Debug|Any CPU
		{6F5F08B6-4C93-4DED-8445-1024400E8D2B}.Release|Any CPU.ActiveCfg = Release|Any CPU
		{6F5F08B6-4C93-4DED-8445-1024400E8D2B}.Release|Any CPU.Build.0 = Release|Any CPU
	EndGlobalSection
	GlobalSection(SolutionProperties) = preSolution
		HideSolutionNode = FALSE
	EndGlobalSection
	GlobalSection(ExtensibilityGlobals) = postSolution
		SolutionGuid = {47189E75-4D92-40AB-84F3-39121FC5234B}
	EndGlobalSection
EndGlobal
