
Microsoft Visual Studio Solution File, Format Version 12.00
# Visual Studio Version 17
VisualStudioVersion = 17.2.32516.85
MinimumVisualStudioVersion = 10.0.40219.1
Project("{FAE04EC0-301F-11D3-BF4B-00C04F79EFBC}") = "Reference-Parameter", "Reference-Parameter\Reference-Parameter.csproj", "{226EC9CA-C7DB-4D18-B49F-B639F3531EDE}"
EndProject
Global
	GlobalSection(SolutionConfigurationPlatforms) = preSolution
		Debug|Any CPU = Debug|Any CPU
		Release|Any CPU = Release|Any CPU
	EndGlobalSection
	GlobalSection(ProjectConfigurationPlatforms) = postSolution
		{226EC9CA-C7DB-4D18-B49F-B639F3531EDE}.Debug|Any CPU.ActiveCfg = Debug|Any CPU
		{226EC9CA-C7DB-4D18-B49F-B639F3531EDE}.Debug|Any CPU.Build.0 = Debug|Any CPU
		{226EC9CA-C7DB-4D18-B49F-B639F3531EDE}.Release|Any CPU.ActiveCfg = Release|Any CPU
		{226EC9CA-C7DB-4D18-B49F-B639F3531EDE}.Release|Any CPU.Build.0 = Release|Any CPU
	EndGlobalSection
	GlobalSection(SolutionProperties) = preSolution
		HideSolutionNode = FALSE
	EndGlobalSection
	GlobalSection(ExtensibilityGlobals) = postSolution
		SolutionGuid = {00736414-EE00-485B-833C-36FDA609E9B4}
	EndGlobalSection
EndGlobal
